# This file is generated by running "yarn install" inside your project.
# Manual changes might be lost - proceed with caution!

__metadata:
  version: 6
  cacheKey: 8

"@discordjs/voice@npm:^0.16.0":
  version: 0.16.0
  resolution: "@discordjs/voice@npm:0.16.0"
  dependencies:
    "@types/ws": ^8.5.4
    discord-api-types: ^0.37.37
    prism-media: ^1.3.5
    tslib: ^2.5.0
    ws: ^8.13.0
  checksum: 521824475c5257cf2098b7e7303e44c7906c2126603c7d85de14ad5f6ec12e61e459e18af92b97a11d504db91209aeb5b3e0c324b1f4f790c20e8db925fd66e9
  languageName: node
  linkType: hard

"@sentry/core@npm:7.44.2":
  version: 7.44.2
  resolution: "@sentry/core@npm:7.44.2"
  dependencies:
    "@sentry/types": 7.44.2
    "@sentry/utils": 7.44.2
    tslib: ^1.9.3
  checksum: 2efcb9a09d0419ce7960c154d31dd017640dee203a7cf5681c0cd31b9ce116e34e05e20096d24bf5d2ff827afa016c02c287bf3808c900cec9e4906d6a8a57a5
  languageName: node
  linkType: hard

"@sentry/node@npm:^7.43.0":
  version: 7.44.2
  resolution: "@sentry/node@npm:7.44.2"
  dependencies:
    "@sentry/core": 7.44.2
    "@sentry/types": 7.44.2
    "@sentry/utils": 7.44.2
    cookie: ^0.4.1
    https-proxy-agent: ^5.0.0
    lru_map: ^0.3.3
    tslib: ^1.9.3
  checksum: 6d331c5b6d308eb30a140b7ab7b5fddf6c7613d31291d304c74bf6b1737fa5940861de6af6a3477abb66d830d0bcf4092f5ca470c91cb9adc507b8de3f8c4516
  languageName: node
  linkType: hard

"@sentry/types@npm:7.44.2":
  version: 7.44.2
  resolution: "@sentry/types@npm:7.44.2"
  checksum: 33c14f4089b1554f42d8f31dd9b9ae0d1960d470ce1f2d5b49899125b3dd20814eb4ec96418e93dc0471856bbe2a7cfac29bcc4a5ecd63a6e0f3ac53a929949a
  languageName: node
  linkType: hard

"@sentry/utils@npm:7.44.2":
  version: 7.44.2
  resolution: "@sentry/utils@npm:7.44.2"
  dependencies:
    "@sentry/types": 7.44.2
    tslib: ^1.9.3
  checksum: 726b0900e9e8d0aaf01adc5b6684e1ab4d07e63329ccac932b8fffd27209c56c3cd16b03f1290b4c57ed4fbb52aa4ca3d91f1c8c9822c78f30818fcedbabfb21
  languageName: node
  linkType: hard

"@top-gg/sdk@npm:^3.1.3":
  version: 3.1.4
  resolution: "@top-gg/sdk@npm:3.1.4"
  dependencies:
    raw-body: ^2.5.2
    undici: ^5.21.0
  checksum: e3cb4087660709e49aae78e1a29ad58b9e5e1eb08e737df2a16d7cbf8d7c3975f1f3021bb253005e9260940b0051bbddc69b2cc30b804c047eb2cc93c3cfdc5f
  languageName: node
  linkType: hard

"@types/collections@npm:^5.1.2":
  version: 5.1.2
  resolution: "@types/collections@npm:5.1.2"
  checksum: 66fcf9a0ab90b353ebbb9ed6d8f579e80b9f777f6240a45e38f8e2249163483b5cc9e278a68a8d26f1863f0964b2de20c8203452df8546f8af6cb1f2de7f787b
  languageName: node
  linkType: hard

"@types/debug@npm:^4.1.7":
  version: 4.1.7
  resolution: "@types/debug@npm:4.1.7"
  dependencies:
    "@types/ms": "*"
  checksum: 0a7b89d8ed72526858f0b61c6fd81f477853e8c4415bb97f48b1b5545248d2ae389931680b94b393b993a7cfe893537a200647d93defe6d87159b96812305adc
  languageName: node
  linkType: hard

"@types/ms@npm:*, @types/ms@npm:^0.7.31":
  version: 0.7.31
  resolution: "@types/ms@npm:0.7.31"
  checksum: daadd354aedde024cce6f5aa873fefe7b71b22cd0e28632a69e8b677aeb48ae8caa1c60e5919bb781df040d116b01cb4316335167a3fc0ef6a63fa3614c0f6da
  languageName: node
  linkType: hard

"@types/node-fetch@npm:^2.6.2":
  version: 2.6.2
  resolution: "@types/node-fetch@npm:2.6.2"
  dependencies:
    "@types/node": "*"
    form-data: ^3.0.0
  checksum: 6f73b1470000d303d25a6fb92875ea837a216656cb7474f66cdd67bb014aa81a5a11e7ac9c21fe19bee9ecb2ef87c1962bceeaec31386119d1ac86e4c30ad7a6
  languageName: node
  linkType: hard

"@types/node@npm:*, @types/node@npm:^18.15.3":
  version: 18.15.5
  resolution: "@types/node@npm:18.15.5"
  checksum: 5fbf3453bd5ce1402bb2964e55d928fc8a8a7de5451b1b0fe66587fecb8a3eb86854ca9cefa5076a5971e2cff00e1773ceeb5d872a54f6c6ddfbbc1064b4e91a
  languageName: node
  linkType: hard

"@types/source-map-support@npm:^0.5.6":
  version: 0.5.6
  resolution: "@types/source-map-support@npm:0.5.6"
  dependencies:
    source-map: ^0.6.0
  checksum: b2b52b3e4901e52df30ebd23056885a352462c0d6fd73418e793684665a7602168e7c337241f0391562e8c1051ff37cbcb9b7d775990ee1f2a0d8a6ffa2cb22a
  languageName: node
  linkType: hard

"@types/validator@npm:^13.7.1, @types/validator@npm:^13.7.14":
  version: 13.7.14
  resolution: "@types/validator@npm:13.7.14"
  checksum: 51bd82cd08aa7d8006f97357b5768a77bfca30e4823b5962e63bbf6446f46b5afe236bec1089148a15fd04cc0a748a10e2dd1a559f07163ec5e4e9fb5581896e
  languageName: node
  linkType: hard

"@types/ws@npm:^8.5.4":
  version: 8.5.4
  resolution: "@types/ws@npm:8.5.4"
  dependencies:
    "@types/node": "*"
  checksum: fefbad20d211929bb996285c4e6f699b12192548afedbe4930ab4384f8a94577c9cd421acaad163cacd36b88649509970a05a0b8f20615b30c501ed5269038d1
  languageName: node
  linkType: hard

"agent-base@npm:6":
  version: 6.0.2
  resolution: "agent-base@npm:6.0.2"
  dependencies:
    debug: 4
  checksum: f52b6872cc96fd5f622071b71ef200e01c7c4c454ee68bc9accca90c98cfb39f2810e3e9aa330435835eedc8c23f4f8a15267f67c6e245d2b33757575bdac49d
  languageName: node
  linkType: hard

"ansi-styles@npm:^4.1.0":
  version: 4.3.0
  resolution: "ansi-styles@npm:4.3.0"
  dependencies:
    color-convert: ^2.0.1
  checksum: 513b44c3b2105dd14cc42a19271e80f386466c4be574bccf60b627432f9198571ebf4ab1e4c3ba17347658f4ee1711c163d574248c0c1cdc2d5917a0ad582ec4
  languageName: node
  linkType: hard

"asynckit@npm:^0.4.0":
  version: 0.4.0
  resolution: "asynckit@npm:0.4.0"
  checksum: 7b78c451df768adba04e2d02e63e2d0bf3b07adcd6e42b4cf665cb7ce899bedd344c69a1dcbce355b5f972d597b25aaa1c1742b52cffd9caccb22f348114f6be
  languageName: node
  linkType: hard

"buffer-from@npm:^1.0.0":
  version: 1.1.2
  resolution: "buffer-from@npm:1.1.2"
  checksum: 0448524a562b37d4d7ed9efd91685a5b77a50672c556ea254ac9a6d30e3403a517d8981f10e565db24e8339413b43c97ca2951f10e399c6125a0d8911f5679bb
  languageName: node
  linkType: hard

"buffer-writer@npm:2.0.0":
  version: 2.0.0
  resolution: "buffer-writer@npm:2.0.0"
  checksum: 11736b48bb75106c52ca8ec9f025e7c1b3b25ce31875f469d7210eabd5c576c329e34f6b805d4a8d605ff3f0db1e16342328802c4c963e9c826b0e43a4e631c2
  languageName: node
  linkType: hard

"busboy@npm:^1.6.0":
  version: 1.6.0
  resolution: "busboy@npm:1.6.0"
  dependencies:
    streamsearch: ^1.1.0
  checksum: 32801e2c0164e12106bf236291a00795c3c4e4b709ae02132883fe8478ba2ae23743b11c5735a0aae8afe65ac4b6ca4568b91f0d9fed1fdbc32ede824a73746e
  languageName: node
  linkType: hard

"bytes@npm:3.1.2":
  version: 3.1.2
  resolution: "bytes@npm:3.1.2"
  checksum: e4bcd3948d289c5127591fbedf10c0b639ccbf00243504e4e127374a15c3bc8eed0d28d4aaab08ff6f1cf2abc0cce6ba3085ed32f4f90e82a5683ce0014e1b6e
  languageName: node
  linkType: hard

"chalk@npm:^4.1.2":
  version: 4.1.2
  resolution: "chalk@npm:4.1.2"
  dependencies:
    ansi-styles: ^4.1.0
    supports-color: ^7.1.0
  checksum: fe75c9d5c76a7a98d45495b91b2172fa3b7a09e0cc9370e5c8feb1c567b85c4288e2b3fded7cfdd7359ac28d6b3844feb8b82b8686842e93d23c827c417e83fc
  languageName: node
  linkType: hard

"collections@npm:^5.1.13":
  version: 5.1.13
  resolution: "collections@npm:5.1.13"
  dependencies:
    weak-map: ~1.0.x
  checksum: 7609509de3c06e4e9172feb845a5b0b1a1fa9f70d1c51b38640b0e4be1f4b7bbb912023e65fe3837246b45e0423c06d3fb29bd26dc205d7defbb0b4564f4e513
  languageName: node
  linkType: hard

"color-convert@npm:^2.0.1":
  version: 2.0.1
  resolution: "color-convert@npm:2.0.1"
  dependencies:
    color-name: ~1.1.4
  checksum: 79e6bdb9fd479a205c71d89574fccfb22bd9053bd98c6c4d870d65c132e5e904e6034978e55b43d69fcaa7433af2016ee203ce76eeba9cfa554b373e7f7db336
  languageName: node
  linkType: hard

"color-name@npm:~1.1.4":
  version: 1.1.4
  resolution: "color-name@npm:1.1.4"
  checksum: b0445859521eb4021cd0fb0cc1a75cecf67fceecae89b63f62b201cca8d345baf8b952c966862a9d9a2632987d4f6581f0ec8d957dfacece86f0a7919316f610
  languageName: node
  linkType: hard

"combined-stream@npm:^1.0.6, combined-stream@npm:^1.0.8":
  version: 1.0.8
  resolution: "combined-stream@npm:1.0.8"
  dependencies:
    delayed-stream: ~1.0.0
  checksum: 49fa4aeb4916567e33ea81d088f6584749fc90c7abec76fd516bf1c5aa5c79f3584b5ba3de6b86d26ddd64bae5329c4c7479343250cfe71c75bb366eae53bb7c
  languageName: node
  linkType: hard

"cookie@npm:^0.4.1":
  version: 0.4.2
  resolution: "cookie@npm:0.4.2"
  checksum: a00833c998bedf8e787b4c342defe5fa419abd96b32f4464f718b91022586b8f1bafbddd499288e75c037642493c83083da426c6a9080d309e3bd90fd11baa9b
  languageName: node
  linkType: hard

"cumulonimbus-wrapper@npm:^2.1.1":
  version: 2.1.1
  resolution: "cumulonimbus-wrapper@npm:2.1.1"
  dependencies:
    form-data: ^4.0.0
    isomorphic-fetch: ^3.0.0
    isomorphic-form-data: ^2.0.0
  checksum: 7b69875d6751d3d0cb37cd392dbfb1ce67d554d8d3279bbc7baede14c11272fc704b0729f6260b991c9f7d37374848b878a1721fa33d440cc55fc87e6337f6c4
  languageName: node
  linkType: hard

"dad_bot@workspace:.":
  version: 0.0.0-use.local
  resolution: "dad_bot@workspace:."
  dependencies:
    "@sentry/node": ^7.43.0
    "@top-gg/sdk": ^3.1.3
    "@types/collections": ^5.1.2
    "@types/ms": ^0.7.31
    "@types/node": ^18.15.3
    "@types/node-fetch": ^2.6.2
    "@types/source-map-support": ^0.5.6
    "@types/validator": ^13.7.14
    "@types/ws": ^8.5.4
    chalk: ^4.1.2
    collections: ^5.1.13
    cumulonimbus-wrapper: ^2.1.1
    dotenv: ^16.0.3
    ms: ^2.1.3
    node-fetch: ^2.6.9
    oceanic.js: 1.6.1-dev.ecc3a90
    oceanic.js-interactions: ^0.0.9
    pg: ^8.10.0
    pg-hstore: ^2.3.4
    sequelize: ^6.29.3
    source-map-support: ^0.5.21
    typescript: ^5.0.2
  languageName: unknown
  linkType: soft

"debug@npm:4, debug@npm:^4.3.3":
  version: 4.3.4
  resolution: "debug@npm:4.3.4"
  dependencies:
    ms: 2.1.2
  peerDependenciesMeta:
    supports-color:
      optional: true
  checksum: 3dbad3f94ea64f34431a9cbf0bafb61853eda57bff2880036153438f50fb5a84f27683ba0d8e5426bf41a8c6ff03879488120cf5b3a761e77953169c0600a708
  languageName: node
  linkType: hard

"delayed-stream@npm:~1.0.0":
  version: 1.0.0
  resolution: "delayed-stream@npm:1.0.0"
  checksum: 46fe6e83e2cb1d85ba50bd52803c68be9bd953282fa7096f51fc29edd5d67ff84ff753c51966061e5ba7cb5e47ef6d36a91924eddb7f3f3483b1c560f77a0020
  languageName: node
  linkType: hard

"depd@npm:2.0.0":
  version: 2.0.0
  resolution: "depd@npm:2.0.0"
  checksum: abbe19c768c97ee2eed6282d8ce3031126662252c58d711f646921c9623f9052e3e1906443066beec1095832f534e57c523b7333f8e7e0d93051ab6baef5ab3a
  languageName: node
  linkType: hard

"discord-api-types@npm:^0.37.37":
  version: 0.37.42
  resolution: "discord-api-types@npm:0.37.42"
  checksum: 3c4f78beae6e18ee8afbaf9e911ccc4ad6b0658c18ea5b95e35f0dc7e56f2cd32b69c16062ab014cce093140ba98d95172e83039cd197fe618873e72a4d26a8b
  languageName: node
  linkType: hard

"dotenv@npm:^16.0.3":
  version: 16.0.3
  resolution: "dotenv@npm:16.0.3"
  checksum: afcf03f373d7a6d62c7e9afea6328e62851d627a4e73f2e12d0a8deae1cd375892004f3021883f8aec85932cd2834b091f568ced92b4774625b321db83b827f8
  languageName: node
  linkType: hard

"dottie@npm:^2.0.2":
  version: 2.0.3
  resolution: "dottie@npm:2.0.3"
  checksum: 4f5300f7f349b6d5f0be1b39d244e5bbc94f97b480ba746a7d9626ca946bf8fc6a1db2eee7af71be0024d3d5f0b6b805e14a893b893c384c6b37831e8ed94ab1
  languageName: node
  linkType: hard

"form-data@npm:^2.3.2":
  version: 2.5.1
  resolution: "form-data@npm:2.5.1"
  dependencies:
    asynckit: ^0.4.0
    combined-stream: ^1.0.6
    mime-types: ^2.1.12
  checksum: 5134ada56cc246b293a1ac7678dba6830000603a3979cf83ff7b2f21f2e3725202237cfb89e32bcb38a1d35727efbd3c3a22e65b42321e8ade8eec01ce755d08
  languageName: node
  linkType: hard

"form-data@npm:^3.0.0":
  version: 3.0.1
  resolution: "form-data@npm:3.0.1"
  dependencies:
    asynckit: ^0.4.0
    combined-stream: ^1.0.8
    mime-types: ^2.1.12
  checksum: b019e8d35c8afc14a2bd8a7a92fa4f525a4726b6d5a9740e8d2623c30e308fbb58dc8469f90415a856698933c8479b01646a9dff33c87cc4e76d72aedbbf860d
  languageName: node
  linkType: hard

"form-data@npm:^4.0.0":
  version: 4.0.0
  resolution: "form-data@npm:4.0.0"
  dependencies:
    asynckit: ^0.4.0
    combined-stream: ^1.0.8
    mime-types: ^2.1.12
  checksum: 01135bf8675f9d5c61ff18e2e2932f719ca4de964e3be90ef4c36aacfc7b9cb2fceb5eca0b7e0190e3383fe51c5b37f4cb80b62ca06a99aaabfcfd6ac7c9328c
  languageName: node
  linkType: hard

"has-flag@npm:^4.0.0":
  version: 4.0.0
  resolution: "has-flag@npm:4.0.0"
  checksum: 261a1357037ead75e338156b1f9452c016a37dcd3283a972a30d9e4a87441ba372c8b81f818cd0fbcd9c0354b4ae7e18b9e1afa1971164aef6d18c2b6095a8ad
  languageName: node
  linkType: hard

"http-errors@npm:2.0.0":
  version: 2.0.0
  resolution: "http-errors@npm:2.0.0"
  dependencies:
    depd: 2.0.0
    inherits: 2.0.4
    setprototypeof: 1.2.0
    statuses: 2.0.1
    toidentifier: 1.0.1
  checksum: 9b0a3782665c52ce9dc658a0d1560bcb0214ba5699e4ea15aefb2a496e2ca83db03ebc42e1cce4ac1f413e4e0d2d736a3fd755772c556a9a06853ba2a0b7d920
  languageName: node
  linkType: hard

"https-proxy-agent@npm:^5.0.0":
  version: 5.0.1
  resolution: "https-proxy-agent@npm:5.0.1"
  dependencies:
    agent-base: 6
    debug: 4
  checksum: 571fccdf38184f05943e12d37d6ce38197becdd69e58d03f43637f7fa1269cf303a7d228aa27e5b27bbd3af8f09fd938e1c91dcfefff2df7ba77c20ed8dfc765
  languageName: node
  linkType: hard

"iconv-lite@npm:0.4.24":
  version: 0.4.24
  resolution: "iconv-lite@npm:0.4.24"
  dependencies:
    safer-buffer: ">= 2.1.2 < 3"
  checksum: bd9f120f5a5b306f0bc0b9ae1edeb1577161503f5f8252a20f1a9e56ef8775c9959fd01c55f2d3a39d9a8abaf3e30c1abeb1895f367dcbbe0a8fd1c9ca01c4f6
  languageName: node
  linkType: hard

"inflection@npm:^1.13.2":
  version: 1.13.4
  resolution: "inflection@npm:1.13.4"
  checksum: 6744feede9998ad8abd2b1db4af79f494a166e656a0aa949d90c8f4a945c1d07038a3756bf7af78c8f6fce368ba213a7ebf35da3edeffd39f1da0ff465eed6eb
  languageName: node
  linkType: hard

"inherits@npm:2.0.4":
  version: 2.0.4
  resolution: "inherits@npm:2.0.4"
  checksum: 4a48a733847879d6cf6691860a6b1e3f0f4754176e4d71494c41f3475553768b10f84b5ce1d40fbd0e34e6bfbb864ee35858ad4dd2cf31e02fc4a154b724d7f1
  languageName: node
  linkType: hard

"isomorphic-fetch@npm:^3.0.0":
  version: 3.0.0
  resolution: "isomorphic-fetch@npm:3.0.0"
  dependencies:
    node-fetch: ^2.6.1
    whatwg-fetch: ^3.4.1
  checksum: e5ab79a56ce5af6ddd21265f59312ad9a4bc5a72cebc98b54797b42cb30441d5c5f8d17c5cd84a99e18101c8af6f90c081ecb8d12fd79e332be1778d58486d75
  languageName: node
  linkType: hard

"isomorphic-form-data@npm:^2.0.0":
  version: 2.0.0
  resolution: "isomorphic-form-data@npm:2.0.0"
  dependencies:
    form-data: ^2.3.2
  checksum: 234bfaa1ed037b1d6cf659eb7a5806889f1f60bc4c7effe5f54e52506004604a9d7229a03a8f9656a1a7ea5fcedca4342277083e38f88ff910b64eefa97dd95e
  languageName: node
  linkType: hard

"lodash@npm:^4.17.21":
  version: 4.17.21
  resolution: "lodash@npm:4.17.21"
  checksum: eb835a2e51d381e561e508ce932ea50a8e5a68f4ebdd771ea240d3048244a8d13658acbd502cd4829768c56f2e16bdd4340b9ea141297d472517b83868e677f7
  languageName: node
  linkType: hard

"lru-cache@npm:^6.0.0":
  version: 6.0.0
  resolution: "lru-cache@npm:6.0.0"
  dependencies:
    yallist: ^4.0.0
  checksum: f97f499f898f23e4585742138a22f22526254fdba6d75d41a1c2526b3b6cc5747ef59c5612ba7375f42aca4f8461950e925ba08c991ead0651b4918b7c978297
  languageName: node
  linkType: hard

"lru_map@npm:^0.3.3":
  version: 0.3.3
  resolution: "lru_map@npm:0.3.3"
  checksum: ca9dd43c65ed7a4f117c548028101c5b6855e10923ea9d1f635af53ad20c5868ff428c364d454a7b57fe391b89c704982275410c3c5099cca5aeee00d76e169a
  languageName: node
  linkType: hard

"mime-db@npm:1.52.0":
  version: 1.52.0
  resolution: "mime-db@npm:1.52.0"
  checksum: 0d99a03585f8b39d68182803b12ac601d9c01abfa28ec56204fa330bc9f3d1c5e14beb049bafadb3dbdf646dfb94b87e24d4ec7b31b7279ef906a8ea9b6a513f
  languageName: node
  linkType: hard

"mime-types@npm:^2.1.12":
  version: 2.1.35
  resolution: "mime-types@npm:2.1.35"
  dependencies:
    mime-db: 1.52.0
  checksum: 89a5b7f1def9f3af5dad6496c5ed50191ae4331cc5389d7c521c8ad28d5fdad2d06fd81baf38fed813dc4e46bb55c8145bb0ff406330818c9cf712fb2e9b3836
  languageName: node
  linkType: hard

"moment-timezone@npm:^0.5.35":
  version: 0.5.41
  resolution: "moment-timezone@npm:0.5.41"
  dependencies:
    moment: ^2.29.4
  checksum: 30bf42265f749d4d17e78cf94f49d8354d9fbf2dea060a5b89895979642035734512a23cb7a90c0e93593bc11eb698b78b601b7dd5d9a708eb7c4f733a927a71
  languageName: node
  linkType: hard

"moment@npm:^2.29.1, moment@npm:^2.29.4":
  version: 2.29.4
  resolution: "moment@npm:2.29.4"
  checksum: 0ec3f9c2bcba38dc2451b1daed5daded747f17610b92427bebe1d08d48d8b7bdd8d9197500b072d14e326dd0ccf3e326b9e3d07c5895d3d49e39b6803b76e80e
  languageName: node
  linkType: hard

"ms@npm:2.1.2":
  version: 2.1.2
  resolution: "ms@npm:2.1.2"
  checksum: 673cdb2c3133eb050c745908d8ce632ed2c02d85640e2edb3ace856a2266a813b30c613569bf3354fdf4ea7d1a1494add3bfa95e2713baa27d0c2c71fc44f58f
  languageName: node
  linkType: hard

"ms@npm:^2.1.3":
  version: 2.1.3
  resolution: "ms@npm:2.1.3"
  checksum: aa92de608021b242401676e35cfa5aa42dd70cbdc082b916da7fb925c542173e36bce97ea3e804923fe92c0ad991434e4a38327e15a1b5b5f945d66df615ae6d
  languageName: node
  linkType: hard

"node-fetch@npm:^2.6.1, node-fetch@npm:^2.6.9":
  version: 2.6.9
  resolution: "node-fetch@npm:2.6.9"
  dependencies:
    whatwg-url: ^5.0.0
  peerDependencies:
    encoding: ^0.1.0
  peerDependenciesMeta:
    encoding:
      optional: true
  checksum: acb04f9ce7224965b2b59e71b33c639794d8991efd73855b0b250921382b38331ffc9d61bce502571f6cc6e11a8905ca9b1b6d4aeb586ab093e2756a1fd190d0
  languageName: node
  linkType: hard

"oceanic.js-interactions@npm:^0.0.9":
  version: 0.0.9
  resolution: "oceanic.js-interactions@npm:0.0.9"
  dependencies:
    oceanic.js: 1.6.1-dev.ecc3a90
  checksum: d198fd43aac6d272586fcc33b33eb870cbc0895091d344a7100193caffa118d0bfd7a93d5235b4dbb1d38f5f9f02ea3bdc2d57359ea2d20e536e23438aae0875
  languageName: node
  linkType: hard

"oceanic.js@npm:1.6.1-dev.ecc3a90":
  version: 1.6.1-dev.ecc3a90
  resolution: "oceanic.js@npm:1.6.1-dev.ecc3a90"
  dependencies:
    "@discordjs/voice": ^0.16.0
    tslib: ^2.5.2
    undici: ^5.22.0
    ws: ^8.13.0
  dependenciesMeta:
    "@discordjs/voice":
      optional: true
  checksum: 705191962f79acacd31804d515934a4ab048b5f1dac1a4f5dd86ed337dd3907b7853dffcd95d6dd4c0ccac6682cbf283b5958ef3fa93f3476b4540a1d331014c
  languageName: node
  linkType: hard

"packet-reader@npm:1.0.0":
  version: 1.0.0
  resolution: "packet-reader@npm:1.0.0"
  checksum: 0b7516f0cbf3e322aad591bed29ba544220088c53943145c0d9121a6f59182ad811f7fd6785a8979a34356aca69d97653689029964c5998dc02645633d88ffd7
  languageName: node
  linkType: hard

"pg-connection-string@npm:^2.5.0":
  version: 2.5.0
  resolution: "pg-connection-string@npm:2.5.0"
  checksum: a6f3a068f7c9416a5b33a326811caf0dfaaee045c225b7c628b4c9b4e9a2b25bdd12a21e4c48940e1000ea223a4e608ca122d2ff3dd08c8b1db0fc9f5705133a
  languageName: node
  linkType: hard

"pg-hstore@npm:^2.3.4":
  version: 2.3.4
  resolution: "pg-hstore@npm:2.3.4"
  dependencies:
    underscore: ^1.13.1
  checksum: bb370d1086f2a726b40e892e03677f4d37cd9ec8e8a00d64cb32be422f1487badb20268894aca8683879ed4d96c556502a00c5da28aca88d01098bf61606c7c9
  languageName: node
  linkType: hard

"pg-int8@npm:1.0.1":
  version: 1.0.1
  resolution: "pg-int8@npm:1.0.1"
  checksum: a1e3a05a69005ddb73e5f324b6b4e689868a447c5fa280b44cd4d04e6916a344ac289e0b8d2695d66e8e89a7fba023affb9e0e94778770ada5df43f003d664c9
  languageName: node
  linkType: hard

"pg-pool@npm:^3.6.0":
  version: 3.6.0
  resolution: "pg-pool@npm:3.6.0"
  peerDependencies:
    pg: ">=8.0"
  checksum: f3fe050fbfe27406369340c4c26efcbe21a388ace085a876453de0ea496a315c38b2dc739ac97d4767a359e911da2ec4810467f72601eeec8ad540e58b27987c
  languageName: node
  linkType: hard

"pg-protocol@npm:^1.6.0":
  version: 1.6.0
  resolution: "pg-protocol@npm:1.6.0"
  checksum: e12662d2de2011e0c3a03f6a09f435beb1025acdc860f181f18a600a5495dc38a69d753bbde1ace279c8c442536af9c1a7c11e1d0fe3fad3aa1348b28d9d2683
  languageName: node
  linkType: hard

"pg-types@npm:^2.1.0":
  version: 2.2.0
  resolution: "pg-types@npm:2.2.0"
  dependencies:
    pg-int8: 1.0.1
    postgres-array: ~2.0.0
    postgres-bytea: ~1.0.0
    postgres-date: ~1.0.4
    postgres-interval: ^1.1.0
  checksum: bf4ec3f594743442857fb3a8dfe5d2478a04c98f96a0a47365014557cbc0b4b0cee01462c79adca863b93befbf88f876299b75b72c665b5fb84a2c94fbd10316
  languageName: node
  linkType: hard

"pg@npm:^8.10.0":
  version: 8.10.0
  resolution: "pg@npm:8.10.0"
  dependencies:
    buffer-writer: 2.0.0
    packet-reader: 1.0.0
    pg-connection-string: ^2.5.0
    pg-pool: ^3.6.0
    pg-protocol: ^1.6.0
    pg-types: ^2.1.0
    pgpass: 1.x
  peerDependencies:
    pg-native: ">=3.0.1"
  peerDependenciesMeta:
    pg-native:
      optional: true
  checksum: c6be78f2e823f2ae3c618c8e54a6622592dd71b556fb665d7eaedcbcc2fa5d210a8bcf519401e72526a65b9d797f19b772f48f29b9d9f31e98dd526fd27d61e0
  languageName: node
  linkType: hard

"pgpass@npm:1.x":
  version: 1.0.5
  resolution: "pgpass@npm:1.0.5"
  dependencies:
    split2: ^4.1.0
  checksum: 947ac096c031eebdf08d989de2e9f6f156b8133d6858c7c2c06c041e1e71dda6f5f3bad3c0ec1e96a09497bbc6ef89e762eefe703b5ef9cb2804392ec52ec400
  languageName: node
  linkType: hard

"postgres-array@npm:~2.0.0":
  version: 2.0.0
  resolution: "postgres-array@npm:2.0.0"
  checksum: 0e1e659888147c5de579d229a2d95c0d83ebdbffc2b9396d890a123557708c3b758a0a97ed305ce7f58edfa961fa9f0bbcd1ea9f08b6e5df73322e683883c464
  languageName: node
  linkType: hard

"postgres-bytea@npm:~1.0.0":
  version: 1.0.0
  resolution: "postgres-bytea@npm:1.0.0"
  checksum: d844ae4ca7a941b70e45cac1261a73ee8ed39d72d3d74ab1d645248185a1b7f0ac91a3c63d6159441020f4e1f7fe64689ac56536a307b31cef361e5187335090
  languageName: node
  linkType: hard

"postgres-date@npm:~1.0.4":
  version: 1.0.7
  resolution: "postgres-date@npm:1.0.7"
  checksum: 5745001d47e51cd767e46bcb1710649cd705d91a24d42fa661c454b6dcbb7353c066a5047983c90a626cd3bbfea9e626cc6fa84a35ec57e5bbb28b49f78e13ed
  languageName: node
  linkType: hard

"postgres-interval@npm:^1.1.0":
  version: 1.2.0
  resolution: "postgres-interval@npm:1.2.0"
  dependencies:
    xtend: ^4.0.0
  checksum: 746b71f93805ae33b03528e429dc624706d1f9b20ee81bf743263efb6a0cd79ae02a642a8a480dbc0f09547b4315ab7df6ce5ec0be77ed700bac42730f5c76b2
  languageName: node
  linkType: hard

"prism-media@npm:^1.3.5":
  version: 1.3.5
  resolution: "prism-media@npm:1.3.5"
  peerDependencies:
    "@discordjs/opus": ">=0.8.0 <1.0.0"
    ffmpeg-static: ^5.0.2 || ^4.2.7 || ^3.0.0 || ^2.4.0
    node-opus: ^0.3.3
    opusscript: ^0.0.8
  peerDependenciesMeta:
    "@discordjs/opus":
      optional: true
    ffmpeg-static:
      optional: true
    node-opus:
      optional: true
    opusscript:
      optional: true
  checksum: a4fbe5c91f2aa5aca6e0d7fb72c37627db814f59b2ffd702aced11d4cc6f6f15022a5830df48fc008e805f2d1fe79305e5d1b091307981a0083edf7223418679
  languageName: node
  linkType: hard

"raw-body@npm:^2.5.2":
  version: 2.5.2
  resolution: "raw-body@npm:2.5.2"
  dependencies:
    bytes: 3.1.2
    http-errors: 2.0.0
    iconv-lite: 0.4.24
    unpipe: 1.0.0
  checksum: ba1583c8d8a48e8fbb7a873fdbb2df66ea4ff83775421bfe21ee120140949ab048200668c47d9ae3880012f6e217052690628cf679ddfbd82c9fc9358d574676
  languageName: node
  linkType: hard

"retry-as-promised@npm:^7.0.3":
  version: 7.0.4
  resolution: "retry-as-promised@npm:7.0.4"
  checksum: 2b0dcddb06649d42b1384ec1f933c7cb4461939c28004460b0c4be0c8ae16cabaed2411aa5d46e734a320f33f4a1d480078a19b97c743c754bd32e896b3f8ea2
  languageName: node
  linkType: hard

"safer-buffer@npm:>= 2.1.2 < 3":
  version: 2.1.2
  resolution: "safer-buffer@npm:2.1.2"
  checksum: cab8f25ae6f1434abee8d80023d7e72b598cf1327164ddab31003c51215526801e40b66c5e65d658a0af1e9d6478cadcb4c745f4bd6751f97d8644786c0978b0
  languageName: node
  linkType: hard

"semver@npm:^7.3.5":
  version: 7.3.8
  resolution: "semver@npm:7.3.8"
  dependencies:
    lru-cache: ^6.0.0
  bin:
    semver: bin/semver.js
  checksum: ba9c7cbbf2b7884696523450a61fee1a09930d888b7a8d7579025ad93d459b2d1949ee5bbfeb188b2be5f4ac163544c5e98491ad6152df34154feebc2cc337c1
  languageName: node
  linkType: hard

"sequelize-pool@npm:^7.1.0":
  version: 7.1.0
  resolution: "sequelize-pool@npm:7.1.0"
  checksum: b11d06d02de9e8fc428ba3020b86f05fe7adad764e57f23c5901f924e31867901a5e7a090180337dc3b90de3934b64f34ae552fde37b0f3d37b09c0c8ecbddc7
  languageName: node
  linkType: hard

"sequelize@npm:^6.29.3":
  version: 6.29.3
  resolution: "sequelize@npm:6.29.3"
  dependencies:
    "@types/debug": ^4.1.7
    "@types/validator": ^13.7.1
    debug: ^4.3.3
    dottie: ^2.0.2
    inflection: ^1.13.2
    lodash: ^4.17.21
    moment: ^2.29.1
    moment-timezone: ^0.5.35
    pg-connection-string: ^2.5.0
    retry-as-promised: ^7.0.3
    semver: ^7.3.5
    sequelize-pool: ^7.1.0
    toposort-class: ^1.0.1
    uuid: ^8.3.2
    validator: ^13.7.0
    wkx: ^0.5.0
  peerDependenciesMeta:
    ibm_db:
      optional: true
    mariadb:
      optional: true
    mysql2:
      optional: true
    oracledb:
      optional: true
    pg:
      optional: true
    pg-hstore:
      optional: true
    snowflake-sdk:
      optional: true
    sqlite3:
      optional: true
    tedious:
      optional: true
  checksum: 38b39a1dc6690a974e8b70d406075b55dc14af116f3e13b2cadd2ac851980adf23f0e8fe4a7c14e89a89e1d652e9a0cbfc3121f927f739400504edd8cbf5eafb
  languageName: node
  linkType: hard

"setprototypeof@npm:1.2.0":
  version: 1.2.0
  resolution: "setprototypeof@npm:1.2.0"
  checksum: be18cbbf70e7d8097c97f713a2e76edf84e87299b40d085c6bf8b65314e994cc15e2e317727342fa6996e38e1f52c59720b53fe621e2eb593a6847bf0356db89
  languageName: node
  linkType: hard

"source-map-support@npm:^0.5.21":
  version: 0.5.21
  resolution: "source-map-support@npm:0.5.21"
  dependencies:
    buffer-from: ^1.0.0
    source-map: ^0.6.0
  checksum: 43e98d700d79af1d36f859bdb7318e601dfc918c7ba2e98456118ebc4c4872b327773e5a1df09b0524e9e5063bb18f0934538eace60cca2710d1fa687645d137
  languageName: node
  linkType: hard

"source-map@npm:^0.6.0":
  version: 0.6.1
  resolution: "source-map@npm:0.6.1"
  checksum: 59ce8640cf3f3124f64ac289012c2b8bd377c238e316fb323ea22fbfe83da07d81e000071d7242cad7a23cd91c7de98e4df8830ec3f133cb6133a5f6e9f67bc2
  languageName: node
  linkType: hard

"split2@npm:^4.1.0":
  version: 4.1.0
  resolution: "split2@npm:4.1.0"
  checksum: ec581597cb74c13cdfb5e2047543dd40cb1e8e9803c7b1e0c29ede05f2b4f049b2d6e7f2788a225d544549375719658b8f38e9366364dec35dc7a12edfda5ee5
  languageName: node
  linkType: hard

"statuses@npm:2.0.1":
  version: 2.0.1
  resolution: "statuses@npm:2.0.1"
  checksum: 18c7623fdb8f646fb213ca4051be4df7efb3484d4ab662937ca6fbef7ced9b9e12842709872eb3020cc3504b93bde88935c9f6417489627a7786f24f8031cbcb
  languageName: node
  linkType: hard

"streamsearch@npm:^1.1.0":
  version: 1.1.0
  resolution: "streamsearch@npm:1.1.0"
  checksum: 1cce16cea8405d7a233d32ca5e00a00169cc0e19fbc02aa839959985f267335d435c07f96e5e0edd0eadc6d39c98d5435fb5bbbdefc62c41834eadc5622ad942
  languageName: node
  linkType: hard

"supports-color@npm:^7.1.0":
  version: 7.2.0
  resolution: "supports-color@npm:7.2.0"
  dependencies:
    has-flag: ^4.0.0
  checksum: 3dda818de06ebbe5b9653e07842d9479f3555ebc77e9a0280caf5a14fb877ffee9ed57007c3b78f5a6324b8dbeec648d9e97a24e2ed9fdb81ddc69ea07100f4a
  languageName: node
  linkType: hard

"toidentifier@npm:1.0.1":
  version: 1.0.1
  resolution: "toidentifier@npm:1.0.1"
  checksum: 952c29e2a85d7123239b5cfdd889a0dde47ab0497f0913d70588f19c53f7e0b5327c95f4651e413c74b785147f9637b17410ac8c846d5d4a20a5a33eb6dc3a45
  languageName: node
  linkType: hard

"toposort-class@npm:^1.0.1":
  version: 1.0.1
  resolution: "toposort-class@npm:1.0.1"
  checksum: c5e3229d4899b23350b09ed26cfb7a28aadd0889550625f1bcadc0da266cdf2790fb0ccc3e92be93ba6ad64f57bc2fd1ab94446cb4ae83054dab263753157f5f
  languageName: node
  linkType: hard

"tr46@npm:~0.0.3":
  version: 0.0.3
  resolution: "tr46@npm:0.0.3"
  checksum: 726321c5eaf41b5002e17ffbd1fb7245999a073e8979085dacd47c4b4e8068ff5777142fc6726d6ca1fd2ff16921b48788b87225cbc57c72636f6efa8efbffe3
  languageName: node
  linkType: hard

"tslib@npm:^1.9.3":
  version: 1.14.1
  resolution: "tslib@npm:1.14.1"
  checksum: dbe628ef87f66691d5d2959b3e41b9ca0045c3ee3c7c7b906cc1e328b39f199bb1ad9e671c39025bd56122ac57dfbf7385a94843b1cc07c60a4db74795829acd
  languageName: node
  linkType: hard

"tslib@npm:^2.5.0":
  version: 2.5.0
  resolution: "tslib@npm:2.5.0"
  checksum: ae3ed5f9ce29932d049908ebfdf21b3a003a85653a9a140d614da6b767a93ef94f460e52c3d787f0e4f383546981713f165037dc2274df212ea9f8a4541004e1
  languageName: node
  linkType: hard

"tslib@npm:^2.5.2":
  version: 2.5.2
  resolution: "tslib@npm:2.5.2"
  checksum: 4d3c1e238b94127ed0e88aa0380db3c2ddae581dc0f4bae5a982345e9f50ee5eda90835b8bfba99b02df10a5734470be197158c36f9129ac49fdc14a6a9da222
  languageName: node
  linkType: hard

"typescript@npm:^5.0.2":
  version: 5.0.2
  resolution: "typescript@npm:5.0.2"
  bin:
    tsc: bin/tsc
    tsserver: bin/tsserver
  checksum: bef1dcd166acfc6934b2ec4d72f93edb8961a5fab36b8dd2aaf6f4f4cd5c0210f2e0850aef4724f3b4913d5aef203a94a28ded731b370880c8bcff7e4ff91fc1
  languageName: node
  linkType: hard

"typescript@patch:typescript@^5.0.2#~builtin<compat/typescript>":
  version: 5.0.2
  resolution: "typescript@patch:typescript@npm%3A5.0.2#~builtin<compat/typescript>::version=5.0.2&hash=701156"
  bin:
    tsc: bin/tsc
    tsserver: bin/tsserver
  checksum: bdbf3d0aac0d6cf010fbe0536753dc19f278eb4aba88140dcd25487dfe1c56ca8b33abc0dcd42078790a939b08ebc4046f3e9bb961d77d3d2c3cfa9829da4d53
  languageName: node
  linkType: hard

"underscore@npm:^1.13.1":
  version: 1.13.6
  resolution: "underscore@npm:1.13.6"
  checksum: d5cedd14a9d0d91dd38c1ce6169e4455bb931f0aaf354108e47bd46d3f2da7464d49b2171a5cf786d61963204a42d01ea1332a903b7342ad428deaafaf70ec36
  languageName: node
  linkType: hard

"undici@npm:^5.21.0":
  version: 5.21.0
  resolution: "undici@npm:5.21.0"
  dependencies:
    busboy: ^1.6.0
  checksum: 013d5fd503b631d607942c511c2ab3f3fa78ebcab302acab998b43176b4815503ec15ed9752c5a47918b3bff8a0137768001d3eb57625b2bb6f6d30d8a794d6c
  languageName: node
  linkType: hard

"undici@npm:^5.22.0":
  version: 5.22.1
  resolution: "undici@npm:5.22.1"
  dependencies:
    busboy: ^1.6.0
  checksum: 048a3365f622be44fb319316cedfaa241c59cf7f3368ae7667a12323447e1822e8cc3d00f6956c852d1478a6fde1cbbe753f49e05f2fdaed229693e716ebaf35
  languageName: node
  linkType: hard

"unpipe@npm:1.0.0":
  version: 1.0.0
  resolution: "unpipe@npm:1.0.0"
  checksum: 4fa18d8d8d977c55cb09715385c203197105e10a6d220087ec819f50cb68870f02942244f1017565484237f1f8c5d3cd413631b1ae104d3096f24fdfde1b4aa2
  languageName: node
  linkType: hard

"uuid@npm:^8.3.2":
  version: 8.3.2
  resolution: "uuid@npm:8.3.2"
  bin:
    uuid: dist/bin/uuid
  checksum: 5575a8a75c13120e2f10e6ddc801b2c7ed7d8f3c8ac22c7ed0c7b2ba6383ec0abda88c905085d630e251719e0777045ae3236f04c812184b7c765f63a70e58df
  languageName: node
  linkType: hard

"validator@npm:^13.7.0":
  version: 13.9.0
  resolution: "validator@npm:13.9.0"
  checksum: e2c936f041f61faa42bafd17c6faddf939498666cd82e88d733621c286893730b008959f4cb12ab3e236148a4f3805c30b85e3dcf5e0efd8b0cbcd36c02bfc0c
  languageName: node
  linkType: hard

"weak-map@npm:~1.0.x":
  version: 1.0.8
  resolution: "weak-map@npm:1.0.8"
  checksum: ce030b3c6b1a461bda6eac88b3b3be57245ce26330c6ddb98d821d85c0636117ca94693ef8292407066fd367740ec6a1ef6cd9027111453d7ced43f4f78b327a
  languageName: node
  linkType: hard

"webidl-conversions@npm:^3.0.0":
  version: 3.0.1
  resolution: "webidl-conversions@npm:3.0.1"
  checksum: c92a0a6ab95314bde9c32e1d0a6dfac83b578f8fa5f21e675bc2706ed6981bc26b7eb7e6a1fab158e5ce4adf9caa4a0aee49a52505d4d13c7be545f15021b17c
  languageName: node
  linkType: hard

"whatwg-fetch@npm:^3.4.1":
  version: 3.6.2
  resolution: "whatwg-fetch@npm:3.6.2"
  checksum: ee976b7249e7791edb0d0a62cd806b29006ad7ec3a3d89145921ad8c00a3a67e4be8f3fb3ec6bc7b58498724fd568d11aeeeea1f7827e7e1e5eae6c8a275afed
  languageName: node
  linkType: hard

"whatwg-url@npm:^5.0.0":
  version: 5.0.0
  resolution: "whatwg-url@npm:5.0.0"
  dependencies:
    tr46: ~0.0.3
    webidl-conversions: ^3.0.0
  checksum: b8daed4ad3356cc4899048a15b2c143a9aed0dfae1f611ebd55073310c7b910f522ad75d727346ad64203d7e6c79ef25eafd465f4d12775ca44b90fa82ed9e2c
  languageName: node
  linkType: hard

"wkx@npm:^0.5.0":
  version: 0.5.0
  resolution: "wkx@npm:0.5.0"
  dependencies:
    "@types/node": "*"
  checksum: 47b27387de81fbd077528c1c11be996bf5a6dbeb94858ea0e2fa6619c2af626aa2f127f6fee1b4b57057a7cbef8a810b39a67815f2eb54ed33b1790e29db86ee
  languageName: node
  linkType: hard

"ws@npm:^8.13.0":
  version: 8.13.0
  resolution: "ws@npm:8.13.0"
  peerDependencies:
    bufferutil: ^4.0.1
    utf-8-validate: ">=5.0.2"
  peerDependenciesMeta:
    bufferutil:
      optional: true
    utf-8-validate:
      optional: true
  checksum: 53e991bbf928faf5dc6efac9b8eb9ab6497c69feeb94f963d648b7a3530a720b19ec2e0ec037344257e05a4f35bd9ad04d9de6f289615ffb133282031b18c61c
  languageName: node
  linkType: hard

"xtend@npm:^4.0.0":
  version: 4.0.2
  resolution: "xtend@npm:4.0.2"
  checksum: ac5dfa738b21f6e7f0dd6e65e1b3155036d68104e67e5d5d1bde74892e327d7e5636a076f625599dc394330a731861e87343ff184b0047fef1360a7ec0a5a36a
  languageName: node
  linkType: hard

"yallist@npm:^4.0.0":
  version: 4.0.0
  resolution: "yallist@npm:4.0.0"
  checksum: 343617202af32df2a15a3be36a5a8c0c8545208f3d3dfbc6bb7c3e3b7e8c6f8e7485432e4f3b88da3031a6e20afa7c711eded32ddfb122896ac5d914e75848d5
  languageName: node
  linkType: hard
